{
  "lockfileVersion": 1,
  "configVersion": 1,
  "workspaces": {
    "": {
      "name": "@dangao/bun-server-project",
      "dependencies": {
        "@types/bun": "catalog:",
      },
      "devDependencies": {
        "husky": "^9.1.7",
      },
    },
    "benchmark": {
      "name": "benchmark",
      "dependencies": {
        "@dangao/bun-server": "workspace:^",
        "@dangao/logsmith": "workspace:^",
        "reflect-metadata": "catalog:",
      },
      "devDependencies": {
        "typescript": "catalog:",
      },
    },
    "examples": {
      "name": "examples",
      "dependencies": {
        "@dangao/bun-server": "workspace:^",
        "@dangao/logsmith": "workspace:^",
        "reflect-metadata": "catalog:",
      },
      "devDependencies": {
        "typescript": "catalog:",
      },
    },
    "packages/bun-server": {
      "name": "@dangao/bun-server",
      "version": "1.0.3",
      "dependencies": {
        "@dangao/logsmith": "workspace:*",
        "reflect-metadata": "catalog:",
      },
      "devDependencies": {
        "@types/bun": "catalog:",
        "typescript": "catalog:",
      },
    },
    "packages/logsmith": {
      "name": "@dangao/logsmith",
      "version": "0.1.1",
      "devDependencies": {
        "typescript": "catalog:",
      },
    },
  },
  "catalog": {
    "@types/bun": "latest",
    "reflect-metadata": "^0.2.2",
    "typescript": "5.9.3",
  },
  "packages": {
    "@dangao/bun-server": ["@dangao/bun-server@workspace:packages/bun-server"],

    "@dangao/logsmith": ["@dangao/logsmith@workspace:packages/logsmith"],

    "@types/bun": ["@types/bun@1.3.3", "", { "dependencies": { "bun-types": "1.3.3" } }, "sha512-ogrKbJ2X5N0kWLLFKeytG0eHDleBYtngtlbu9cyBKFtNL3cnpDZkNdQj8flVf6WTZUX5ulI9AY1oa7ljhSrp+g=="],

    "@types/node": ["@types/node@24.10.1", "", { "dependencies": { "undici-types": "~7.16.0" } }, "sha512-GNWcUTRBgIRJD5zj+Tq0fKOJ5XZajIiBroOF0yvj2bSU1WvNdYS/dn9UxwsujGW4JX06dnHyjV2y9rRaybH0iQ=="],

    "benchmark": ["benchmark@workspace:benchmark"],

    "bun-types": ["bun-types@1.3.3", "", { "dependencies": { "@types/node": "*" } }, "sha512-z3Xwlg7j2l9JY27x5Qn3Wlyos8YAp0kKRlrePAOjgjMGS5IG6E7Jnlx736vH9UVI4wUICwwhC9anYL++XeOgTQ=="],

    "examples": ["examples@workspace:examples"],

    "husky": ["husky@9.1.7", "", { "bin": { "husky": "bin.js" } }, "sha512-5gs5ytaNjBrh5Ow3zrvdUUY+0VxIuWVL4i9irt6friV+BqdCfmV11CQTWMiBYWHbXhco+J1kHfTOUkePhCDvMA=="],

    "reflect-metadata": ["reflect-metadata@0.2.2", "", {}, "sha512-urBwgfrvVP/eAyXx4hluJivBKzuEbSQs9rKWCrCkbSxNv8mxPcUZKeuoF3Uy4mJl3Lwprp6yy5/39VWigZ4K6Q=="],

    "typescript": ["typescript@5.9.3", "", { "bin": { "tsc": "bin/tsc", "tsserver": "bin/tsserver" } }, "sha512-jl1vZzPDinLr9eUt3J/t7V6FgNEw9QjvBPdysz9KfQDD41fQrC2Y4vKQdiaUpFT4bXlb1RHhLpp8wtm6M5TgSw=="],

    "undici-types": ["undici-types@7.16.0", "", {}, "sha512-Zz+aZWSj8LE6zoxD+xrjh4VfkIG8Ya6LvYkZqtUQGJPZjYl53ypCaUwWqo7eI0x66KBGeRo+mlBEkMSeSZ38Nw=="],

    "@dangao/bun-server/@types/bun": ["@types/bun@1.3.4", "", { "dependencies": { "bun-types": "1.3.4" } }, "sha512-EEPTKXHP+zKGPkhRLv+HI0UEX8/o+65hqARxLy8Ov5rIxMBPNTjeZww00CIihrIQGEQBYg+0roO5qOnS/7boGA=="],

    "@dangao/bun-server/@types/bun/bun-types": ["bun-types@1.3.4", "", { "dependencies": { "@types/node": "*" } }, "sha512-5ua817+BZPZOlNaRgGBpZJOSAQ9RQ17pkwPD0yR7CfJg+r8DgIILByFifDTa+IPDDxzf5VNhtNlcKqFzDgJvlQ=="],
  }
}
